schema: '2.0'
stages:
  prepare_data:
    cmd: python -m src.data_preparation --input data/raw/insurance_data.csv 
      --output data/processed/insurance_data_cleaned.csv
    deps:
    - path: data/raw/insurance_data.csv
      hash: md5
      md5: 1846c9c80019e93300c46191738efbe9
      size: 1342065
    - path: src/data_loader.py
      hash: md5
      md5: 55d7fd70d08d8701f2e0c935c41db3ef
      size: 4139
    - path: src/data_preparation.py
      hash: md5
      md5: f9272a71fd6dcc8ce4b9c4ab7fde3bc6
      size: 2254
    outs:
    - path: data/processed/insurance_data_cleaned.csv
      hash: md5
      md5: 1846c9c80019e93300c46191738efbe9
      size: 1342065
